
Microsoft Visual Studio Solution File, Format Version 12.00
# Visual Studio 2012
Project("{8BC9CEB8-8B4A-11D0-8D11-00A0C91BC942}") = "buckets3", "buckets3\buckets3.vcxproj", "{FB26498D-8EBF-41E3-BE66-266B93C57D17}"
EndProject
Global
	GlobalSection(SolutionConfigurationPlatforms) = preSolution
		Debug|Win32 = Debug|Win32
		Release|Win32 = Release|Win32
	EndGlobalSection
	GlobalSection(ProjectConfigurationPlatforms) = postSolution
		{FB26498D-8EBF-41E3-BE66-266B93C57D17}.Debug|Win32.ActiveCfg = Debug|Win32
		{FB26498D-8EBF-41E3-BE66-266B93C57D17}.Debug|Win32.Build.0 = Debug|Win32
		{FB26498D-8EBF-41E3-BE66-266B93C57D17}.Release|Win32.ActiveCfg = Release|Win32
		{FB26498D-8EBF-41E3-BE66-266B93C57D17}.Release|Win32.Build.0 = Release|Win32
	EndGlobalSection
	GlobalSection(SolutionProperties) = preSolution
		HideSolutionNode = FALSE
	EndGlobalSection
EndGlobal
